{
  "name": "fetch-for",
  "version": "0.0.11",
  "lockfileVersion": 3,
  "requires": true,
  "packages": {
    "": {
      "name": "fetch-for",
      "version": "0.0.11",
      "license": "MIT",
      "dependencies": {
        "be-hive": "0.1.15",
        "fetch-ready": "0.0.1",
        "mount-observer": "0.1.41",
        "nested-regex-groups": "0.0.7",
        "roundabout-lib": "0.0.23"
      },
      "devDependencies": {
        "@playwright/test": "1.61.0",
        "@power-elements/json-viewer": "2.1.1",
        "be-reformable": "0.0.80",
        "spa-ssi": "0.0.27"
      }
    },
    "node_modules/@playwright/test": {
      "version": "1.61.0",
      "resolved": "https://registry.npmjs.org/@playwright/test/-/test-1.61.0.tgz",
      "integrity": "sha512-cKA5B6lpFEMyMGjxF54QihfYpB4FkEGH+qZhtArDEG+wezQAJY8Pq6C7T1SjWz+FFzt3TbyoXBQYk/0292TdJA==",
      "dev": true,
      "license": "Apache-2.0",
      "dependencies": {
        "playwright": "1.61.0"
      },
      "bin": {
        "playwright": "cli.js"
      },
      "engines": {
        "node": ">=18"
      }
    },
    "node_modules/@power-elements/json-viewer": {
      "version": "2.1.1",
      "resolved": "https://registry.npmjs.org/@power-elements/json-viewer/-/json-viewer-2.1.1.tgz",
      "integrity": "sha512-uQWqhlc1huWMnYycf5ltgU1hStancWyMt7g8bJ0jCZ3QrOlZmHWUdPt55i4I6L7bDKJLbO1J6oB+O4QWj4Nlew==",
      "dev": true,
      "license": "ISC"
    },
    "node_modules/assign-gingerly": {
      "version": "0.0.51",
      "resolved": "https://registry.npmjs.org/assign-gingerly/-/assign-gingerly-0.0.51.tgz",
      "integrity": "sha512-aHs6TYjhZbzwWJgogOK+3dpbuz7gk82jn0un1UdVLyobyTD1QZKwYz/nORavD/hsMT4Lcwhe/HO8sbQkkFZ/GQ==",
      "license": "MIT"
    },
    "node_modules/be-enhanced": {
      "version": "0.0.189",
      "resolved": "https://registry.npmjs.org/be-enhanced/-/be-enhanced-0.0.189.tgz",
      "integrity": "sha512-SLvTPwRoLs7FBxyfQX0/fCMB0QYRJsmWTbOeh47t1a7/SWMeToOkNGtH8Z6fLATdDZvPNHqGgb/uOa2Hyblynw==",
      "dev": true,
      "license": "MIT",
      "dependencies": {
        "trans-render": "0.0.960"
      }
    },
    "node_modules/be-hive": {
      "version": "0.1.15",
      "resolved": "https://registry.npmjs.org/be-hive/-/be-hive-0.1.15.tgz",
      "integrity": "sha512-UjooG7MHQamBElItluoODYmWTr22XAcpe76KyCvxIWn1D9zG3Q2xLyGsJPELsAkQCQhrMENrzx2yTYMIXywKbg==",
      "license": "MIT",
      "dependencies": {
        "mount-observer": "0.1.40",
        "nested-regex-groups": "0.0.6"
      }
    },
    "node_modules/be-hive/node_modules/mount-observer": {
      "version": "0.1.40",
      "resolved": "https://registry.npmjs.org/mount-observer/-/mount-observer-0.1.40.tgz",
      "integrity": "sha512-GsMq/N3b4ywEyWrM2BVQ2CAi37qQ8grUAuZCQUnXtXMFJtGsA+of1CgSBsoIkfy1mSNINVjgk8TvQis/Q5r9xg==",
      "license": "MIT",
      "dependencies": {
        "assign-gingerly": "0.0.51",
        "id-generation": "0.0.5"
      }
    },
    "node_modules/be-hive/node_modules/nested-regex-groups": {
      "version": "0.0.6",
      "resolved": "https://registry.npmjs.org/nested-regex-groups/-/nested-regex-groups-0.0.6.tgz",
      "integrity": "sha512-pRy2Dewg1qNdY4Ur1FwoGUXSRuu8aNn1tSgmgk/2rpZ0JTqPlMOeyoY7/ZF0CdIf5fktCEdHR3NqFWiku9DEqg==",
      "license": "MIT"
    },
    "node_modules/be-reformable": {
      "version": "0.0.80",
      "resolved": "https://registry.npmjs.org/be-reformable/-/be-reformable-0.0.80.tgz",
      "integrity": "sha512-RXgQobdpLAqOEPdJU8SuRb07mHfhFN/NAABz1bE2khosJwCJ9PAQtvjwN2wFYailYmVrVIpVhGwVPKexJXoUHw==",
      "dev": true,
      "license": "MIT",
      "dependencies": {
        "be-enhanced": "0.0.189",
        "be-hive": "0.0.267",
        "fetch-ready": "0.0.1",
        "mount-observer": "0.0.105",
        "trans-render": "0.0.960"
      }
    },
    "node_modules/be-reformable/node_modules/be-hive": {
      "version": "0.0.267",
      "resolved": "https://registry.npmjs.org/be-hive/-/be-hive-0.0.267.tgz",
      "integrity": "sha512-ss2xoJdyvwKli+5qC31GFElz64xQHHwB0SiRt3HGFiTAoxi2KGGMFm26A7BVx85glHuJnux6WFC/1CHx9yZTBQ==",
      "dev": true,
      "license": "MIT",
      "dependencies": {
        "be-enhanced": "0.0.189",
        "mount-observer": "0.0.105",
        "trans-render": "0.0.960"
      }
    },
    "node_modules/be-reformable/node_modules/mount-observer": {
      "version": "0.0.105",
      "resolved": "https://registry.npmjs.org/mount-observer/-/mount-observer-0.0.105.tgz",
      "integrity": "sha512-CC50i6eO3wbmjzVvUPcOcyJ7O2wggRiOrC3TO4LGLkJaiJQGWkfr8pX/4rqi+mY2PK96uPjGd1mhAwS1tEEvHQ==",
      "dev": true,
      "license": "MIT"
    },
    "node_modules/fetch-ready": {
      "version": "0.0.1",
      "resolved": "https://registry.npmjs.org/fetch-ready/-/fetch-ready-0.0.1.tgz",
      "integrity": "sha512-W/3LubMaSAsx/csXJq10y1tvK3QlfIajVZVVPhDd5Hh41brPMAWG1munyCjG6evQImUQGKAH/tkhTGlaxCJ3kw==",
      "license": "MIT"
    },
    "node_modules/fsevents": {
      "version": "2.3.2",
      "resolved": "https://registry.npmjs.org/fsevents/-/fsevents-2.3.2.tgz",
      "integrity": "sha512-xiqMQR4xAeHTuB9uWm+fFRcIOgKBMiOBP+eXiyT7jsgVCq1bkVygt00oASowB7EdtpOHaaPgKt812P9ab+DDKA==",
      "dev": true,
      "hasInstallScript": true,
      "license": "MIT",
      "optional": true,
      "os": [
        "darwin"
      ],
      "engines": {
        "node": "^8.16.0 || ^10.6.0 || >=11.0.0"
      }
    },
    "node_modules/id-generation": {
      "version": "0.0.5",
      "resolved": "https://registry.npmjs.org/id-generation/-/id-generation-0.0.5.tgz",
      "integrity": "sha512-o0iN5vSj0A8mKOHCvj63RyNXERrCMliaSHWLXvZnXLYZFQ9AMelQkFgP1HAd9eWCyXJiw1p6TPfIrPvY6Om2HQ==",
      "license": "MIT"
    },
    "node_modules/mount-observer": {
      "version": "0.1.41",
      "resolved": "https://registry.npmjs.org/mount-observer/-/mount-observer-0.1.41.tgz",
      "integrity": "sha512-Q6EFLbmQ/QEtqEvRB20lSUtxHBC5HFZAk7FU7RyvJhPyUFUwLyTzwDmKekuYRIeN7LyGpsYl7GdJBdiDv3GFWQ==",
      "license": "MIT",
      "dependencies": {
        "assign-gingerly": "0.0.51",
        "id-generation": "0.0.5"
      }
    },
    "node_modules/nested-regex-groups": {
      "version": "0.0.7",
      "resolved": "https://registry.npmjs.org/nested-regex-groups/-/nested-regex-groups-0.0.7.tgz",
      "integrity": "sha512-tpSFBI/pJn2Tja3weayle2vU+E4ZW9xRGnes1vqRUbD9ifJk9MkFPx2mevbpVWfHM9jO/bDPLVbgViRrEqPXpA==",
      "license": "MIT"
    },
    "node_modules/playwright": {
      "version": "1.61.0",
      "resolved": "https://registry.npmjs.org/playwright/-/playwright-1.61.0.tgz",
      "integrity": "sha512-Z+7BeeqQPRRzklHsVFP4KTGIyMxKUmfeRA4WisM6G3/XW6nwGeX6fX9qYaDa+CiUqpOkb2f6X3nar05R3kSuJQ==",
      "dev": true,
      "license": "Apache-2.0",
      "dependencies": {
        "playwright-core": "1.61.0"
      },
      "bin": {
        "playwright": "cli.js"
      },
      "engines": {
        "node": ">=18"
      },
      "optionalDependencies": {
        "fsevents": "2.3.2"
      }
    },
    "node_modules/playwright-core": {
      "version": "1.61.0",
      "resolved": "https://registry.npmjs.org/playwright-core/-/playwright-core-1.61.0.tgz",
      "integrity": "sha512-caX7TrY3Ml6egyDX0WUcTHDxodl/b51y5wJOdCEA36QviK/s2g081hvmGs8eaE3DWb6NYZQ6BjO/QkNRPenoPA==",
      "dev": true,
      "license": "Apache-2.0",
      "bin": {
        "playwright-core": "cli.js"
      },
      "engines": {
        "node": ">=18"
      }
    },
    "node_modules/roundabout-lib": {
      "version": "0.0.23",
      "resolved": "https://registry.npmjs.org/roundabout-lib/-/roundabout-lib-0.0.23.tgz",
      "integrity": "sha512-jw1vonXwHyiiOpzVdTpzZSr+p7/VHV5dOo8oAqdpXNAiVAyKvd9ACQHiemwzlSPXPTJtwUHBBu7fRj71C3EDZw==",
      "license": "MIT",
      "dependencies": {
        "assign-gingerly": "0.0.52"
      }
    },
    "node_modules/roundabout-lib/node_modules/assign-gingerly": {
      "version": "0.0.52",
      "resolved": "https://registry.npmjs.org/assign-gingerly/-/assign-gingerly-0.0.52.tgz",
      "integrity": "sha512-Zb9VOCPnImIgwf01gfpUBKhcFuc4E9QhKXiyKaz5OmTJcbYMTQkcTmhpW5vl2xkFCr+jb489dkkNNczYBl96/A==",
      "license": "MIT"
    },
    "node_modules/spa-ssi": {
      "version": "0.0.27",
      "resolved": "https://registry.npmjs.org/spa-ssi/-/spa-ssi-0.0.27.tgz",
      "integrity": "sha512-bV/ChmBlGBQLyroDcng/PR5IeH9LokcNxMuoURE0vDy2NNkW7uFVofvQjLpUMW6IdlCACpOEJsAStACz2kB6iA==",
      "dev": true,
      "license": "MIT"
    },
    "node_modules/trans-render": {
      "version": "0.0.960",
      "resolved": "https://registry.npmjs.org/trans-render/-/trans-render-0.0.960.tgz",
      "integrity": "sha512-Z3j27xwGj9NV9KnFbNbRN1DYJkHtsu0BuJEg9fw2W7QBxjcv/YGePqU+j0TGEHxTwzsgZ95LxD8QC2iPxnJdCw==",
      "dev": true,
      "license": "MIT",
      "dependencies": {
        "mount-observer": "0.0.105"
      }
    },
    "node_modules/trans-render/node_modules/mount-observer": {
      "version": "0.0.105",
      "resolved": "https://registry.npmjs.org/mount-observer/-/mount-observer-0.0.105.tgz",
      "integrity": "sha512-CC50i6eO3wbmjzVvUPcOcyJ7O2wggRiOrC3TO4LGLkJaiJQGWkfr8pX/4rqi+mY2PK96uPjGd1mhAwS1tEEvHQ==",
      "dev": true,
      "license": "MIT"
    }
  }
}
